<?xml version="1.0" encoding="utf-8"?>
<Project ToolsVersion="4.0" xmlns="http://schemas.microsoft.com/developer/msbuild/2003">
  <ItemGroup>
    <Filter Include="Source Files">
      <UniqueIdentifier>{90ba7602-19ad-4b58-bb35-b363ce94b06f}</UniqueIdentifier>
    </Filter>
    <Filter Include="Header Files">
      <UniqueIdentifier>{b564af54-cbc9-4686-a369-6dfe80eeb47e}</UniqueIdentifier>
    </Filter>
    <Filter Include="Resource Files">
      <UniqueIdentifier>{df1e736f-6b7e-4a29-8c43-e7b9afdaa9e9}</UniqueIdentifier>
    </Filter>
    <Filter Include="Header Files\Tests">
      <UniqueIdentifier>{ad19b7c8-73c8-4783-8821-da65f9d7517f}</UniqueIdentifier>
    </Filter>
    <Filter Include="Source Files\Tests">
      <UniqueIdentifier>{b6dbc06d-cdda-4c1c-81f9-7d41e25e89df}</UniqueIdentifier>
    </Filter>
    <Filter Include="Header Files\Base">
      <UniqueIdentifier>{e2c9f1d3-6a71-4cb8-962e-2fe6ab296e63}</UniqueIdentifier>
    </Filter>
    <Filter Include="Source Files\Base">
      <UniqueIdentifier>{7793cc61-d663-4c3f-89fc-370612717327}</UniqueIdentifier>
    </Filter>
    <Filter Include="Header Files\Lights">
      <UniqueIdentifier>{79f74085-70a8-4610-a27b-11e4a4aca017}</UniqueIdentifier>
    </Filter>
    <Filter Include="Source Files\Lights">
      <UniqueIdentifier>{ae5316ea-4130-49f7-b088-a129ba89e503}</UniqueIdentifier>
    </Filter>
    <Filter Include="Header Files\Camera">
      <UniqueIdentifier>{06ae3495-34c1-4d80-9441-11c50986064f}</UniqueIdentifier>
    </Filter>
    <Filter Include="Source Files\Camera">
      <UniqueIdentifier>{8f2d49b6-ebf3-4cb6-bd44-c830656d107a}</UniqueIdentifier>
    </Filter>
    <Filter Include="Header Files\Material">
      <UniqueIdentifier>{25f3904c-95c5-404d-b907-f97daa46fe1f}</UniqueIdentifier>
    </Filter>
    <Filter Include="Source Files\Material">
      <UniqueIdentifier>{d0aae043-5774-49c3-b3df-5449e42feb41}</UniqueIdentifier>
    </Filter>
    <Filter Include="Source Files\Texture">
      <UniqueIdentifier>{e7d17fc4-477d-414c-9f98-bbea91ff2873}</UniqueIdentifier>
    </Filter>
    <Filter Include="Header Files\Texture">
      <UniqueIdentifier>{9d81f83b-b59b-4f75-bcc1-525cfdfb1c5c}</UniqueIdentifier>
    </Filter>
    <Filter Include="Source Files\Mesh">
      <UniqueIdentifier>{204f2045-d99d-408c-a67d-26c751b1efde}</UniqueIdentifier>
    </Filter>
    <Filter Include="Header Files\Mesh">
      <UniqueIdentifier>{9f55f168-ee8f-4f8b-9c23-056eecad3246}</UniqueIdentifier>
    </Filter>
    <Filter Include="Source Files\List">
      <UniqueIdentifier>{419f2c6d-9255-4c64-aa60-4e0e114fee6f}</UniqueIdentifier>
    </Filter>
    <Filter Include="Header Files\List">
      <UniqueIdentifier>{fe2feadc-f8d4-44da-956e-8f05496b8daa}</UniqueIdentifier>
    </Filter>
  </ItemGroup>
  <ItemGroup>
    <ClCompile Include="engine.cpp">
      <Filter>Source Files</Filter>
    </ClCompile>
    <ClCompile Include="TestNode.cpp">
      <Filter>Source Files\Tests</Filter>
    </ClCompile>
    <ClCompile Include="Node.cpp">
      <Filter>Source Files\Base</Filter>
    </ClCompile>
    <ClCompile Include="DirectionalLight.cpp">
      <Filter>Source Files\Lights</Filter>
    </ClCompile>
    <ClCompile Include="light.cpp">
      <Filter>Source Files\Lights</Filter>
    </ClCompile>
    <ClCompile Include="omnidirectionalLight.cpp">
      <Filter>Source Files\Lights</Filter>
    </ClCompile>
    <ClCompile Include="spotLight.cpp">
      <Filter>Source Files\Lights</Filter>
    </ClCompile>
    <ClCompile Include="testLight.cpp">
      <Filter>Source Files\Tests</Filter>
    </ClCompile>
    <ClCompile Include="Camera.cpp">
      <Filter>Source Files\Camera</Filter>
    </ClCompile>
    <ClCompile Include="TestCamera.cpp">
      <Filter>Source Files\Tests</Filter>
    </ClCompile>
    <ClCompile Include="Material.cpp">
      <Filter>Source Files\Material</Filter>
    </ClCompile>
    <ClCompile Include="TestMaterial.cpp">
      <Filter>Source Files\Tests</Filter>
    </ClCompile>
    <ClCompile Include="TestObject.cpp">
      <Filter>Source Files\Tests</Filter>
    </ClCompile>
    <ClCompile Include="TestTexture.cpp">
      <Filter>Source Files\Tests</Filter>
    </ClCompile>
    <ClCompile Include="Texture.cpp">
      <Filter>Source Files\Texture</Filter>
    </ClCompile>
    <ClCompile Include="Mesh.cpp">
      <Filter>Source Files\Mesh</Filter>
    </ClCompile>
    <ClCompile Include="TestMesh.cpp">
      <Filter>Source Files\Tests</Filter>
    </ClCompile>
    <ClCompile Include="RenderList.cpp">
      <Filter>Source Files\List</Filter>
    </ClCompile>
    <ClCompile Include="OvoReader.cpp">
      <Filter>Source Files</Filter>
    </ClCompile>
    <ClCompile Include="Object.cpp">
      <Filter>Source Files\Base</Filter>
    </ClCompile>
    <ClCompile Include="OrthographicCamera.cpp">
      <Filter>Source Files\Camera</Filter>
    </ClCompile>
    <ClCompile Include="PerspectiveCamera.cpp">
      <Filter>Source Files\Camera</Filter>
    </ClCompile>
    <ClCompile Include="TestEngine.cpp">
      <Filter>Source Files</Filter>
    </ClCompile>
  </ItemGroup>
  <ItemGroup>
    <ClInclude Include="engine.h">
      <Filter>Header Files</Filter>
    </ClInclude>
    <ClInclude Include="TestNode.h">
      <Filter>Header Files\Tests</Filter>
    </ClInclude>
    <ClInclude Include="Node.h">
      <Filter>Header Files\Base</Filter>
    </ClInclude>
    <ClInclude Include="Object.h">
      <Filter>Header Files\Base</Filter>
    </ClInclude>
    <ClInclude Include="lib.h">
      <Filter>Header Files</Filter>
    </ClInclude>
    <ClInclude Include="spotLight.h">
      <Filter>Header Files\Lights</Filter>
    </ClInclude>
    <ClInclude Include="omnidirectionalLight.h">
      <Filter>Header Files\Lights</Filter>
    </ClInclude>
    <ClInclude Include="light.h">
      <Filter>Header Files\Lights</Filter>
    </ClInclude>
    <ClInclude Include="DirectionalLight.h">
      <Filter>Header Files\Lights</Filter>
    </ClInclude>
    <ClInclude Include="testLight.h">
      <Filter>Header Files\Tests</Filter>
    </ClInclude>
    <ClInclude Include="Camera.h">
      <Filter>Header Files\Camera</Filter>
    </ClInclude>
    <ClInclude Include="TestCamera.h">
      <Filter>Header Files\Tests</Filter>
    </ClInclude>
    <ClInclude Include="Material.h">
      <Filter>Header Files\Material</Filter>
    </ClInclude>
    <ClInclude Include="TestMaterial.h">
      <Filter>Header Files\Tests</Filter>
    </ClInclude>
    <ClInclude Include="TestObject.h">
      <Filter>Header Files\Tests</Filter>
    </ClInclude>
    <ClInclude Include="TestTexture.h">
      <Filter>Header Files\Tests</Filter>
    </ClInclude>
    <ClInclude Include="Texture.h">
      <Filter>Header Files\Texture</Filter>
    </ClInclude>
    <ClInclude Include="Mesh.h">
      <Filter>Header Files\Mesh</Filter>
    </ClInclude>
    <ClInclude Include="TestMesh.h">
      <Filter>Header Files\Tests</Filter>
    </ClInclude>
    <ClInclude Include="RenderList.h">
      <Filter>Header Files\List</Filter>
    </ClInclude>
    <ClInclude Include="OvoReader.h">
      <Filter>Header Files</Filter>
    </ClInclude>
    <ClInclude Include="OrthographicCamera.h">
      <Filter>Header Files\Camera</Filter>
    </ClInclude>
    <ClInclude Include="PerspectiveCamera.h">
      <Filter>Header Files\Camera</Filter>
    </ClInclude>
  </ItemGroup>
</Project>